
Microsoft Visual Studio Solution File, Format Version 11.00
# Visual C++ Express 2010
Project("{8BC9CEB8-8B4A-11D0-8D11-00A0C91BC942}") = "calculator 2", "calculator 2\calculator 2.vcxproj", "{224569D7-C59D-46EB-93EC-0068D9738309}"
EndProject
Global
	GlobalSection(SolutionConfigurationPlatforms) = preSolution
		Debug|Win32 = Debug|Win32
		Release|Win32 = Release|Win32
	EndGlobalSection
	GlobalSection(ProjectConfigurationPlatforms) = postSolution
		{224569D7-C59D-46EB-93EC-0068D9738309}.Debug|Win32.ActiveCfg = Debug|Win32
		{224569D7-C59D-46EB-93EC-0068D9738309}.Debug|Win32.Build.0 = Debug|Win32
		{224569D7-C59D-46EB-93EC-0068D9738309}.Release|Win32.ActiveCfg = Release|Win32
		{224569D7-C59D-46EB-93EC-0068D9738309}.Release|Win32.Build.0 = Release|Win32
	EndGlobalSection
	GlobalSection(SolutionProperties) = preSolution
		HideSolutionNode = FALSE
	EndGlobalSection
EndGlobal
